
Microsoft Visual Studio Solution File, Format Version 12.00
# Visual Studio Version 16
VisualStudioVersion = 16.0.29009.5
MinimumVisualStudioVersion = 10.0.40219.1
Project("{FAE04EC0-301F-11D3-BF4B-00C04F79EFBC}") = "3rdPrac", "3rdPrac\3rdPrac.csproj", "{E03CB0F4-2757-44A6-8BFE-F61DD0AD0BF5}"
EndProject
Global
	GlobalSection(SolutionConfigurationPlatforms) = preSolution
		Debug|Any CPU = Debug|Any CPU
		Release|Any CPU = Release|Any CPU
	EndGlobalSection
	GlobalSection(ProjectConfigurationPlatforms) = postSolution
		{E03CB0F4-2757-44A6-8BFE-F61DD0AD0BF5}.Debug|Any CPU.ActiveCfg = Debug|Any CPU
		{E03CB0F4-2757-44A6-8BFE-F61DD0AD0BF5}.Debug|Any CPU.Build.0 = Debug|Any CPU
		{E03CB0F4-2757-44A6-8BFE-F61DD0AD0BF5}.Release|Any CPU.ActiveCfg = Release|Any CPU
		{E03CB0F4-2757-44A6-8BFE-F61DD0AD0BF5}.Release|Any CPU.Build.0 = Release|Any CPU
	EndGlobalSection
	GlobalSection(SolutionProperties) = preSolution
		HideSolutionNode = FALSE
	EndGlobalSection
	GlobalSection(ExtensibilityGlobals) = postSolution
		SolutionGuid = {ACEBAFE6-6D2F-4055-A550-3B2C9E577F91}
	EndGlobalSection
EndGlobal
